// !$*UTF8*$!
{
	archiveVersion = 1;
	classes = {
	};
	objectVersion = 56;
	objects = {

/* Begin PBXBuildFile section */
		B30DA4552A0D155D008CE9A3 /* CharacterDetailViewController + CollectionView.swift in Sources */ = {isa = PBXBuildFile; fileRef = B30DA4542A0D155D008CE9A3 /* CharacterDetailViewController + CollectionView.swift */; };
		B30DA4572A0D15F9008CE9A3 /* FilmDetailCollectionViewCell.swift in Sources */ = {isa = PBXBuildFile; fileRef = B30DA4562A0D15F9008CE9A3 /* FilmDetailCollectionViewCell.swift */; };
		B30DA45A2A0D1631008CE9A3 /* FilmDetailCollectionViewCell.xib in Resources */ = {isa = PBXBuildFile; fileRef = B30DA4592A0D1631008CE9A3 /* FilmDetailCollectionViewCell.xib */; };
		B33D624C2A0D367A0001D7A3 /* ExploreViewController.xib in Resources */ = {isa = PBXBuildFile; fileRef = B33D624B2A0D367A0001D7A3 /* ExploreViewController.xib */; };
		B33E00472A0CABBC000A8FEA /* AppDelegate.swift in Sources */ = {isa = PBXBuildFile; fileRef = B33E00462A0CABBC000A8FEA /* AppDelegate.swift */; };
		B33E00492A0CABBC000A8FEA /* SceneDelegate.swift in Sources */ = {isa = PBXBuildFile; fileRef = B33E00482A0CABBC000A8FEA /* SceneDelegate.swift */; };
		B33E004B2A0CABBC000A8FEA /* ExploreViewController.swift in Sources */ = {isa = PBXBuildFile; fileRef = B33E004A2A0CABBC000A8FEA /* ExploreViewController.swift */; };
		B33E00502A0CABBD000A8FEA /* Assets.xcassets in Resources */ = {isa = PBXBuildFile; fileRef = B33E004F2A0CABBD000A8FEA /* Assets.xcassets */; };
		B33E00532A0CABBD000A8FEA /* LaunchScreen.storyboard in Resources */ = {isa = PBXBuildFile; fileRef = B33E00512A0CABBD000A8FEA /* LaunchScreen.storyboard */; };
		B33E006D2A0CAD4B000A8FEA /* Alamofire in Frameworks */ = {isa = PBXBuildFile; productRef = B33E006C2A0CAD4B000A8FEA /* Alamofire */; };
		B33E00702A0CAD64000A8FEA /* SDWebImage in Frameworks */ = {isa = PBXBuildFile; productRef = B33E006F2A0CAD64000A8FEA /* SDWebImage */; };
		B33E00722A0CAD64000A8FEA /* SDWebImageMapKit in Frameworks */ = {isa = PBXBuildFile; productRef = B33E00712A0CAD64000A8FEA /* SDWebImageMapKit */; };
		B33E00772A0CB2B4000A8FEA /* BaseService.swift in Sources */ = {isa = PBXBuildFile; fileRef = B33E00742A0CB2B4000A8FEA /* BaseService.swift */; };
		B33E00782A0CB2B4000A8FEA /* BaseRequest.swift in Sources */ = {isa = PBXBuildFile; fileRef = B33E00752A0CB2B4000A8FEA /* BaseRequest.swift */; };
		B33E00792A0CB2B4000A8FEA /* BaseServiceEndPoint.swift in Sources */ = {isa = PBXBuildFile; fileRef = B33E00762A0CB2B4000A8FEA /* BaseServiceEndPoint.swift */; };
		B33E007C2A0CB35A000A8FEA /* Logger.swift in Sources */ = {isa = PBXBuildFile; fileRef = B33E007B2A0CB35A000A8FEA /* Logger.swift */; };
		B33E00852A0CB9D6000A8FEA /* CharacterInfoResponseModel.swift in Sources */ = {isa = PBXBuildFile; fileRef = B33E00842A0CB9D6000A8FEA /* CharacterInfoResponseModel.swift */; };
		B33E00882A0CBF3B000A8FEA /* ExploreViewModel.swift in Sources */ = {isa = PBXBuildFile; fileRef = B33E00872A0CBF3B000A8FEA /* ExploreViewModel.swift */; };
		B33E008C2A0CC148000A8FEA /* RxCocoa in Frameworks */ = {isa = PBXBuildFile; productRef = B33E008B2A0CC148000A8FEA /* RxCocoa */; };
		B33E008E2A0CC148000A8FEA /* RxRelay in Frameworks */ = {isa = PBXBuildFile; productRef = B33E008D2A0CC148000A8FEA /* RxRelay */; };
		B33E00902A0CC148000A8FEA /* RxSwift in Frameworks */ = {isa = PBXBuildFile; productRef = B33E008F2A0CC148000A8FEA /* RxSwift */; };
		B33E00922A0CC33C000A8FEA /* CodableExtension.swift in Sources */ = {isa = PBXBuildFile; fileRef = B33E00912A0CC33C000A8FEA /* CodableExtension.swift */; };
		B3533D202A0D171A00E0CC2E /* FilmDetailCollectionViewCellViewModel.swift in Sources */ = {isa = PBXBuildFile; fileRef = B3533D1F2A0D171A00E0CC2E /* FilmDetailCollectionViewCellViewModel.swift */; };
		B3D465D52A0D0A2C00264CFF /* DisneyService.swift in Sources */ = {isa = PBXBuildFile; fileRef = B3D465D42A0D0A2C00264CFF /* DisneyService.swift */; };
		B3D465D82A0D107200264CFF /* CharacterDetailViewController.swift in Sources */ = {isa = PBXBuildFile; fileRef = B3D465D72A0D107200264CFF /* CharacterDetailViewController.swift */; };
		B3D465DA2A0D108300264CFF /* CharacterDetailViewModel.swift in Sources */ = {isa = PBXBuildFile; fileRef = B3D465D92A0D108300264CFF /* CharacterDetailViewModel.swift */; };
		B3D465DC2A0D10A600264CFF /* CharacterDetailViewController.xib in Resources */ = {isa = PBXBuildFile; fileRef = B3D465DB2A0D10A600264CFF /* CharacterDetailViewController.xib */; };
		B3D568DE2A0CEC0E002E3FF4 /* IconAsset.swift in Sources */ = {isa = PBXBuildFile; fileRef = B3D568DD2A0CEC0E002E3FF4 /* IconAsset.swift */; };
		B3D568E02A0CF0FA002E3FF4 /* ExploreViewController + TableView.swift in Sources */ = {isa = PBXBuildFile; fileRef = B3D568DF2A0CF0FA002E3FF4 /* ExploreViewController + TableView.swift */; };
		B3D568E22A0CF2D0002E3FF4 /* CharacterInfoTableViewCellViewModel.swift in Sources */ = {isa = PBXBuildFile; fileRef = B3D568E12A0CF2D0002E3FF4 /* CharacterInfoTableViewCellViewModel.swift */; };
		B3E948122A0CD92000A40768 /* CharacterInfoTableViewCell.swift in Sources */ = {isa = PBXBuildFile; fileRef = B3E948112A0CD92000A40768 /* CharacterInfoTableViewCell.swift */; };
		B3E948142A0CD95600A40768 /* CharacterInfoTableViewCell.xib in Resources */ = {isa = PBXBuildFile; fileRef = B3E948132A0CD95600A40768 /* CharacterInfoTableViewCell.xib */; };
		B3E948172A0CDA0600A40768 /* NSObjectExtension.swift in Sources */ = {isa = PBXBuildFile; fileRef = B3E948162A0CDA0600A40768 /* NSObjectExtension.swift */; };
/* End PBXBuildFile section */

/* Begin PBXFileReference section */
		B30DA4542A0D155D008CE9A3 /* CharacterDetailViewController + CollectionView.swift */ = {isa = PBXFileReference; lastKnownFileType = sourcecode.swift; path = "CharacterDetailViewController + CollectionView.swift"; sourceTree = "<group>"; };
		B30DA4562A0D15F9008CE9A3 /* FilmDetailCollectionViewCell.swift */ = {isa = PBXFileReference; lastKnownFileType = sourcecode.swift; path = FilmDetailCollectionViewCell.swift; sourceTree = "<group>"; };
		B30DA4592A0D1631008CE9A3 /* FilmDetailCollectionViewCell.xib */ = {isa = PBXFileReference; lastKnownFileType = file.xib; path = FilmDetailCollectionViewCell.xib; sourceTree = "<group>"; };
		B33D624B2A0D367A0001D7A3 /* ExploreViewController.xib */ = {isa = PBXFileReference; lastKnownFileType = file.xib; path = ExploreViewController.xib; sourceTree = "<group>"; };
		B33E00432A0CABBC000A8FEA /* Disneyverse.app */ = {isa = PBXFileReference; explicitFileType = wrapper.application; includeInIndex = 0; path = Disneyverse.app; sourceTree = BUILT_PRODUCTS_DIR; };
		B33E00462A0CABBC000A8FEA /* AppDelegate.swift */ = {isa = PBXFileReference; lastKnownFileType = sourcecode.swift; path = AppDelegate.swift; sourceTree = "<group>"; };
		B33E00482A0CABBC000A8FEA /* SceneDelegate.swift */ = {isa = PBXFileReference; lastKnownFileType = sourcecode.swift; path = SceneDelegate.swift; sourceTree = "<group>"; };
		B33E004A2A0CABBC000A8FEA /* ExploreViewController.swift */ = {isa = PBXFileReference; lastKnownFileType = sourcecode.swift; path = ExploreViewController.swift; sourceTree = "<group>"; };
		B33E004F2A0CABBD000A8FEA /* Assets.xcassets */ = {isa = PBXFileReference; lastKnownFileType = folder.assetcatalog; path = Assets.xcassets; sourceTree = "<group>"; };
		B33E00522A0CABBD000A8FEA /* Base */ = {isa = PBXFileReference; lastKnownFileType = file.storyboard; name = Base; path = Base.lproj/LaunchScreen.storyboard; sourceTree = "<group>"; };
		B33E00542A0CABBD000A8FEA /* Info.plist */ = {isa = PBXFileReference; lastKnownFileType = text.plist.xml; path = Info.plist; sourceTree = "<group>"; };
		B33E00742A0CB2B4000A8FEA /* BaseService.swift */ = {isa = PBXFileReference; fileEncoding = 4; lastKnownFileType = sourcecode.swift; path = BaseService.swift; sourceTree = "<group>"; };
		B33E00752A0CB2B4000A8FEA /* BaseRequest.swift */ = {isa = PBXFileReference; fileEncoding = 4; lastKnownFileType = sourcecode.swift; path = BaseRequest.swift; sourceTree = "<group>"; };
		B33E00762A0CB2B4000A8FEA /* BaseServiceEndPoint.swift */ = {isa = PBXFileReference; fileEncoding = 4; lastKnownFileType = sourcecode.swift; path = BaseServiceEndPoint.swift; sourceTree = "<group>"; };
		B33E007B2A0CB35A000A8FEA /* Logger.swift */ = {isa = PBXFileReference; fileEncoding = 4; lastKnownFileType = sourcecode.swift; path = Logger.swift; sourceTree = "<group>"; };
		B33E00842A0CB9D6000A8FEA /* CharacterInfoResponseModel.swift */ = {isa = PBXFileReference; lastKnownFileType = sourcecode.swift; path = CharacterInfoResponseModel.swift; sourceTree = "<group>"; };
		B33E00872A0CBF3B000A8FEA /* ExploreViewModel.swift */ = {isa = PBXFileReference; lastKnownFileType = sourcecode.swift; path = ExploreViewModel.swift; sourceTree = "<group>"; };
		B33E00912A0CC33C000A8FEA /* CodableExtension.swift */ = {isa = PBXFileReference; lastKnownFileType = sourcecode.swift; path = CodableExtension.swift; sourceTree = "<group>"; };
		B3533D1F2A0D171A00E0CC2E /* FilmDetailCollectionViewCellViewModel.swift */ = {isa = PBXFileReference; lastKnownFileType = sourcecode.swift; path = FilmDetailCollectionViewCellViewModel.swift; sourceTree = "<group>"; };
		B3D465D42A0D0A2C00264CFF /* DisneyService.swift */ = {isa = PBXFileReference; lastKnownFileType = sourcecode.swift; path = DisneyService.swift; sourceTree = "<group>"; };
		B3D465D72A0D107200264CFF /* CharacterDetailViewController.swift */ = {isa = PBXFileReference; lastKnownFileType = sourcecode.swift; path = CharacterDetailViewController.swift; sourceTree = "<group>"; };
		B3D465D92A0D108300264CFF /* CharacterDetailViewModel.swift */ = {isa = PBXFileReference; lastKnownFileType = sourcecode.swift; path = CharacterDetailViewModel.swift; sourceTree = "<group>"; };
		B3D465DB2A0D10A600264CFF /* CharacterDetailViewController.xib */ = {isa = PBXFileReference; lastKnownFileType = file.xib; path = CharacterDetailViewController.xib; sourceTree = "<group>"; };
		B3D568DD2A0CEC0E002E3FF4 /* IconAsset.swift */ = {isa = PBXFileReference; lastKnownFileType = sourcecode.swift; path = IconAsset.swift; sourceTree = "<group>"; };
		B3D568DF2A0CF0FA002E3FF4 /* ExploreViewController + TableView.swift */ = {isa = PBXFileReference; lastKnownFileType = sourcecode.swift; path = "ExploreViewController + TableView.swift"; sourceTree = "<group>"; };
		B3D568E12A0CF2D0002E3FF4 /* CharacterInfoTableViewCellViewModel.swift */ = {isa = PBXFileReference; lastKnownFileType = sourcecode.swift; path = CharacterInfoTableViewCellViewModel.swift; sourceTree = "<group>"; };
		B3E948112A0CD92000A40768 /* CharacterInfoTableViewCell.swift */ = {isa = PBXFileReference; lastKnownFileType = sourcecode.swift; path = CharacterInfoTableViewCell.swift; sourceTree = "<group>"; };
		B3E948132A0CD95600A40768 /* CharacterInfoTableViewCell.xib */ = {isa = PBXFileReference; lastKnownFileType = file.xib; path = CharacterInfoTableViewCell.xib; sourceTree = "<group>"; };
		B3E948162A0CDA0600A40768 /* NSObjectExtension.swift */ = {isa = PBXFileReference; lastKnownFileType = sourcecode.swift; path = NSObjectExtension.swift; sourceTree = "<group>"; };
/* End PBXFileReference section */

/* Begin PBXFrameworksBuildPhase section */
		B33E00402A0CABBC000A8FEA /* Frameworks */ = {
			isa = PBXFrameworksBuildPhase;
			buildActionMask = 2147483647;
			files = (
				B33E00902A0CC148000A8FEA /* RxSwift in Frameworks */,
				B33E008E2A0CC148000A8FEA /* RxRelay in Frameworks */,
				B33E006D2A0CAD4B000A8FEA /* Alamofire in Frameworks */,
				B33E00702A0CAD64000A8FEA /* SDWebImage in Frameworks */,
				B33E008C2A0CC148000A8FEA /* RxCocoa in Frameworks */,
				B33E00722A0CAD64000A8FEA /* SDWebImageMapKit in Frameworks */,
			);
			runOnlyForDeploymentPostprocessing = 0;
		};
/* End PBXFrameworksBuildPhase section */

/* Begin PBXGroup section */
		B30DA4582A0D1605008CE9A3 /* FilmDetailCollectionViewCell */ = {
			isa = PBXGroup;
			children = (
				B30DA4562A0D15F9008CE9A3 /* FilmDetailCollectionViewCell.swift */,
				B3533D1F2A0D171A00E0CC2E /* FilmDetailCollectionViewCellViewModel.swift */,
				B30DA4592A0D1631008CE9A3 /* FilmDetailCollectionViewCell.xib */,
			);
			path = FilmDetailCollectionViewCell;
			sourceTree = "<group>";
		};
		B33E003A2A0CABBC000A8FEA = {
			isa = PBXGroup;
			children = (
				B33E00452A0CABBC000A8FEA /* Disneyverse */,
				B33E00442A0CABBC000A8FEA /* Products */,
			);
			sourceTree = "<group>";
		};
		B33E00442A0CABBC000A8FEA /* Products */ = {
			isa = PBXGroup;
			children = (
				B33E00432A0CABBC000A8FEA /* Disneyverse.app */,
			);
			name = Products;
			sourceTree = "<group>";
		};
		B33E00452A0CABBC000A8FEA /* Disneyverse */ = {
			isa = PBXGroup;
			children = (
				B33E00862A0CBF20000A8FEA /* ViewControllers */,
				B33E007D2A0CB362000A8FEA /* Utils */,
				B33E00932A0CC34D000A8FEA /* Extensions */,
				B33E00732A0CB287000A8FEA /* Network */,
				B33E00462A0CABBC000A8FEA /* AppDelegate.swift */,
				B33E00482A0CABBC000A8FEA /* SceneDelegate.swift */,
				B33E004F2A0CABBD000A8FEA /* Assets.xcassets */,
				B33E00512A0CABBD000A8FEA /* LaunchScreen.storyboard */,
				B33E00542A0CABBD000A8FEA /* Info.plist */,
			);
			path = Disneyverse;
			sourceTree = "<group>";
		};
		B33E00732A0CB287000A8FEA /* Network */ = {
			isa = PBXGroup;
			children = (
				B3D568E32A0D09EC002E3FF4 /* DisneyService */,
				B33E00812A0CB812000A8FEA /* APIModels */,
				B33E007A2A0CB2D3000A8FEA /* BaseService */,
			);
			path = Network;
			sourceTree = "<group>";
		};
		B33E007A2A0CB2D3000A8FEA /* BaseService */ = {
			isa = PBXGroup;
			children = (
				B33E00752A0CB2B4000A8FEA /* BaseRequest.swift */,
				B33E00742A0CB2B4000A8FEA /* BaseService.swift */,
				B33E00762A0CB2B4000A8FEA /* BaseServiceEndPoint.swift */,
			);
			path = BaseService;
			sourceTree = "<group>";
		};
		B33E007D2A0CB362000A8FEA /* Utils */ = {
			isa = PBXGroup;
			children = (
				B33E007B2A0CB35A000A8FEA /* Logger.swift */,
				B3D568DD2A0CEC0E002E3FF4 /* IconAsset.swift */,
			);
			path = Utils;
			sourceTree = "<group>";
		};
		B33E00812A0CB812000A8FEA /* APIModels */ = {
			isa = PBXGroup;
			children = (
				B33E00832A0CB821000A8FEA /* ResponseModels */,
			);
			path = APIModels;
			sourceTree = "<group>";
		};
		B33E00832A0CB821000A8FEA /* ResponseModels */ = {
			isa = PBXGroup;
			children = (
				B33E00842A0CB9D6000A8FEA /* CharacterInfoResponseModel.swift */,
			);
			path = ResponseModels;
			sourceTree = "<group>";
		};
		B33E00862A0CBF20000A8FEA /* ViewControllers */ = {
			isa = PBXGroup;
			children = (
				B3D465D62A0D106000264CFF /* CharacterDetailController */,
				B33E00892A0CBF41000A8FEA /* ExloreViewController */,
			);
			path = ViewControllers;
			sourceTree = "<group>";
		};
		B33E00892A0CBF41000A8FEA /* ExloreViewController */ = {
			isa = PBXGroup;
			children = (
				B3E948152A0CD9B700A40768 /* CharacterInfoTableViewCell */,
				B33E004A2A0CABBC000A8FEA /* ExploreViewController.swift */,
				B33E00872A0CBF3B000A8FEA /* ExploreViewModel.swift */,
				B3D568DF2A0CF0FA002E3FF4 /* ExploreViewController + TableView.swift */,
				B33D624B2A0D367A0001D7A3 /* ExploreViewController.xib */,
			);
			path = ExloreViewController;
			sourceTree = "<group>";
		};
		B33E00932A0CC34D000A8FEA /* Extensions */ = {
			isa = PBXGroup;
			children = (
				B33E00912A0CC33C000A8FEA /* CodableExtension.swift */,
				B3E948162A0CDA0600A40768 /* NSObjectExtension.swift */,
			);
			path = Extensions;
			sourceTree = "<group>";
		};
		B3D465D62A0D106000264CFF /* CharacterDetailController */ = {
			isa = PBXGroup;
			children = (
				B3D465D72A0D107200264CFF /* CharacterDetailViewController.swift */,
				B3D465D92A0D108300264CFF /* CharacterDetailViewModel.swift */,
				B3D465DB2A0D10A600264CFF /* CharacterDetailViewController.xib */,
				B30DA4542A0D155D008CE9A3 /* CharacterDetailViewController + CollectionView.swift */,
				B30DA4582A0D1605008CE9A3 /* FilmDetailCollectionViewCell */,
			);
			path = CharacterDetailController;
			sourceTree = "<group>";
		};
		B3D568E32A0D09EC002E3FF4 /* DisneyService */ = {
			isa = PBXGroup;
			children = (
				B3D465D42A0D0A2C00264CFF /* DisneyService.swift */,
			);
			path = DisneyService;
			sourceTree = "<group>";
		};
		B3E948152A0CD9B700A40768 /* CharacterInfoTableViewCell */ = {
			isa = PBXGroup;
			children = (
				B3E948112A0CD92000A40768 /* CharacterInfoTableViewCell.swift */,
				B3E948132A0CD95600A40768 /* CharacterInfoTableViewCell.xib */,
				B3D568E12A0CF2D0002E3FF4 /* CharacterInfoTableViewCellViewModel.swift */,
			);
			path = CharacterInfoTableViewCell;
			sourceTree = "<group>";
		};
/* End PBXGroup section */

/* Begin PBXNativeTarget section */
		B33E00422A0CABBC000A8FEA /* Disneyverse */ = {
			isa = PBXNativeTarget;
			buildConfigurationList = B33E00572A0CABBD000A8FEA /* Build configuration list for PBXNativeTarget "Disneyverse" */;
			buildPhases = (
				B33E003F2A0CABBC000A8FEA /* Sources */,
				B33E00402A0CABBC000A8FEA /* Frameworks */,
				B33E00412A0CABBC000A8FEA /* Resources */,
			);
			buildRules = (
			);
			dependencies = (
			);
			name = Disneyverse;
			packageProductDependencies = (
				B33E006C2A0CAD4B000A8FEA /* Alamofire */,
				B33E006F2A0CAD64000A8FEA /* SDWebImage */,
				B33E00712A0CAD64000A8FEA /* SDWebImageMapKit */,
				B33E008B2A0CC148000A8FEA /* RxCocoa */,
				B33E008D2A0CC148000A8FEA /* RxRelay */,
				B33E008F2A0CC148000A8FEA /* RxSwift */,
			);
			productName = Disneyverse;
			productReference = B33E00432A0CABBC000A8FEA /* Disneyverse.app */;
			productType = "com.apple.product-type.application";
		};
/* End PBXNativeTarget section */

/* Begin PBXProject section */
		B33E003B2A0CABBC000A8FEA /* Project object */ = {
			isa = PBXProject;
			attributes = {
				BuildIndependentTargetsInParallel = 1;
				LastSwiftUpdateCheck = 1420;
				LastUpgradeCheck = 1420;
				TargetAttributes = {
					B33E00422A0CABBC000A8FEA = {
						CreatedOnToolsVersion = 14.2;
					};
				};
			};
			buildConfigurationList = B33E003E2A0CABBC000A8FEA /* Build configuration list for PBXProject "Disneyverse" */;
			compatibilityVersion = "Xcode 14.0";
			developmentRegion = en;
			hasScannedForEncodings = 0;
			knownRegions = (
				en,
				Base,
			);
			mainGroup = B33E003A2A0CABBC000A8FEA;
			packageReferences = (
				B33E006B2A0CAD4B000A8FEA /* XCRemoteSwiftPackageReference "Alamofire" */,
				B33E006E2A0CAD64000A8FEA /* XCRemoteSwiftPackageReference "SDWebImage" */,
				B33E008A2A0CC148000A8FEA /* XCRemoteSwiftPackageReference "RxSwift" */,
			);
			productRefGroup = B33E00442A0CABBC000A8FEA /* Products */;
			projectDirPath = "";
			projectRoot = "";
			targets = (
				B33E00422A0CABBC000A8FEA /* Disneyverse */,
			);
		};
/* End PBXProject section */

/* Begin PBXResourcesBuildPhase section */
		B33E00412A0CABBC000A8FEA /* Resources */ = {
			isa = PBXResourcesBuildPhase;
			buildActionMask = 2147483647;
			files = (
				B33E00532A0CABBD000A8FEA /* LaunchScreen.storyboard in Resources */,
				B33E00502A0CABBD000A8FEA /* Assets.xcassets in Resources */,
				B3D465DC2A0D10A600264CFF /* CharacterDetailViewController.xib in Resources */,
				B30DA45A2A0D1631008CE9A3 /* FilmDetailCollectionViewCell.xib in Resources */,
				B33D624C2A0D367A0001D7A3 /* ExploreViewController.xib in Resources */,
				B3E948142A0CD95600A40768 /* CharacterInfoTableViewCell.xib in Resources */,
			);
			runOnlyForDeploymentPostprocessing = 0;
		};
/* End PBXResourcesBuildPhase section */

/* Begin PBXSourcesBuildPhase section */
		B33E003F2A0CABBC000A8FEA /* Sources */ = {
			isa = PBXSourcesBuildPhase;
			buildActionMask = 2147483647;
			files = (
				B3E948172A0CDA0600A40768 /* NSObjectExtension.swift in Sources */,
				B33E00782A0CB2B4000A8FEA /* BaseRequest.swift in Sources */,
				B33E00772A0CB2B4000A8FEA /* BaseService.swift in Sources */,
				B30DA4572A0D15F9008CE9A3 /* FilmDetailCollectionViewCell.swift in Sources */,
				B33E004B2A0CABBC000A8FEA /* ExploreViewController.swift in Sources */,
				B3E948122A0CD92000A40768 /* CharacterInfoTableViewCell.swift in Sources */,
				B3D568E02A0CF0FA002E3FF4 /* ExploreViewController + TableView.swift in Sources */,
				B3D465D82A0D107200264CFF /* CharacterDetailViewController.swift in Sources */,
				B3D465D52A0D0A2C00264CFF /* DisneyService.swift in Sources */,
				B33E00922A0CC33C000A8FEA /* CodableExtension.swift in Sources */,
				B33E00792A0CB2B4000A8FEA /* BaseServiceEndPoint.swift in Sources */,
				B33E00852A0CB9D6000A8FEA /* CharacterInfoResponseModel.swift in Sources */,
				B3D568DE2A0CEC0E002E3FF4 /* IconAsset.swift in Sources */,
				B33E00882A0CBF3B000A8FEA /* ExploreViewModel.swift in Sources */,
				B3533D202A0D171A00E0CC2E /* FilmDetailCollectionViewCellViewModel.swift in Sources */,
				B3D568E22A0CF2D0002E3FF4 /* CharacterInfoTableViewCellViewModel.swift in Sources */,
				B30DA4552A0D155D008CE9A3 /* CharacterDetailViewController + CollectionView.swift in Sources */,
				B33E007C2A0CB35A000A8FEA /* Logger.swift in Sources */,
				B3D465DA2A0D108300264CFF /* CharacterDetailViewModel.swift in Sources */,
				B33E00472A0CABBC000A8FEA /* AppDelegate.swift in Sources */,
				B33E00492A0CABBC000A8FEA /* SceneDelegate.swift in Sources */,
			);
			runOnlyForDeploymentPostprocessing = 0;
		};
/* End PBXSourcesBuildPhase section */

/* Begin PBXVariantGroup section */
		B33E00512A0CABBD000A8FEA /* LaunchScreen.storyboard */ = {
			isa = PBXVariantGroup;
			children = (
				B33E00522A0CABBD000A8FEA /* Base */,
			);
			name = LaunchScreen.storyboard;
			sourceTree = "<group>";
		};
/* End PBXVariantGroup section */

/* Begin XCBuildConfiguration section */
		B33E00552A0CABBD000A8FEA /* Debug */ = {
			isa = XCBuildConfiguration;
			buildSettings = {
				ALWAYS_SEARCH_USER_PATHS = NO;
				CLANG_ANALYZER_NONNULL = YES;
				CLANG_ANALYZER_NUMBER_OBJECT_CONVERSION = YES_AGGRESSIVE;
				CLANG_CXX_LANGUAGE_STANDARD = "gnu++20";
				CLANG_ENABLE_MODULES = YES;
				CLANG_ENABLE_OBJC_ARC = YES;
				CLANG_ENABLE_OBJC_WEAK = YES;
				CLANG_WARN_BLOCK_CAPTURE_AUTORELEASING = YES;
				CLANG_WARN_BOOL_CONVERSION = YES;
				CLANG_WARN_COMMA = YES;
				CLANG_WARN_CONSTANT_CONVERSION = YES;
				CLANG_WARN_DEPRECATED_OBJC_IMPLEMENTATIONS = YES;
				CLANG_WARN_DIRECT_OBJC_ISA_USAGE = YES_ERROR;
				CLANG_WARN_DOCUMENTATION_COMMENTS = YES;
				CLANG_WARN_EMPTY_BODY = YES;
				CLANG_WARN_ENUM_CONVERSION = YES;
				CLANG_WARN_INFINITE_RECURSION = YES;
				CLANG_WARN_INT_CONVERSION = YES;
				CLANG_WARN_NON_LITERAL_NULL_CONVERSION = YES;
				CLANG_WARN_OBJC_IMPLICIT_RETAIN_SELF = YES;
				CLANG_WARN_OBJC_LITERAL_CONVERSION = YES;
				CLANG_WARN_OBJC_ROOT_CLASS = YES_ERROR;
				CLANG_WARN_QUOTED_INCLUDE_IN_FRAMEWORK_HEADER = YES;
				CLANG_WARN_RANGE_LOOP_ANALYSIS = YES;
				CLANG_WARN_STRICT_PROTOTYPES = YES;
				CLANG_WARN_SUSPICIOUS_MOVE = YES;
				CLANG_WARN_UNGUARDED_AVAILABILITY = YES_AGGRESSIVE;
				CLANG_WARN_UNREACHABLE_CODE = YES;
				CLANG_WARN__DUPLICATE_METHOD_MATCH = YES;
				COPY_PHASE_STRIP = NO;
				DEBUG_INFORMATION_FORMAT = dwarf;
				ENABLE_STRICT_OBJC_MSGSEND = YES;
				ENABLE_TESTABILITY = YES;
				GCC_C_LANGUAGE_STANDARD = gnu11;
				GCC_DYNAMIC_NO_PIC = NO;
				GCC_NO_COMMON_BLOCKS = YES;
				GCC_OPTIMIZATION_LEVEL = 0;
				GCC_PREPROCESSOR_DEFINITIONS = (
					"DEBUG=1",
					"$(inherited)",
				);
				GCC_WARN_64_TO_32_BIT_CONVERSION = YES;
				GCC_WARN_ABOUT_RETURN_TYPE = YES_ERROR;
				GCC_WARN_UNDECLARED_SELECTOR = YES;
				GCC_WARN_UNINITIALIZED_AUTOS = YES_AGGRESSIVE;
				GCC_WARN_UNUSED_FUNCTION = YES;
				GCC_WARN_UNUSED_VARIABLE = YES;
				INFOPLIST_KEY_UIMainStoryboardFile = "";
				IPHONEOS_DEPLOYMENT_TARGET = 13.0;
				MTL_ENABLE_DEBUG_INFO = INCLUDE_SOURCE;
				MTL_FAST_MATH = YES;
				ONLY_ACTIVE_ARCH = YES;
				SDKROOT = iphoneos;
				SWIFT_ACTIVE_COMPILATION_CONDITIONS = DEBUG;
				SWIFT_OPTIMIZATION_LEVEL = "-Onone";
			};
			name = Debug;
		};
		B33E00562A0CABBD000A8FEA /* Release */ = {
			isa = XCBuildConfiguration;
			buildSettings = {
				ALWAYS_SEARCH_USER_PATHS = NO;
				CLANG_ANALYZER_NONNULL = YES;
				CLANG_ANALYZER_NUMBER_OBJECT_CONVERSION = YES_AGGRESSIVE;
				CLANG_CXX_LANGUAGE_STANDARD = "gnu++20";
				CLANG_ENABLE_MODULES = YES;
				CLANG_ENABLE_OBJC_ARC = YES;
				CLANG_ENABLE_OBJC_WEAK = YES;
				CLANG_WARN_BLOCK_CAPTURE_AUTORELEASING = YES;
				CLANG_WARN_BOOL_CONVERSION = YES;
				CLANG_WARN_COMMA = YES;
				CLANG_WARN_CONSTANT_CONVERSION = YES;
				CLANG_WARN_DEPRECATED_OBJC_IMPLEMENTATIONS = YES;
				CLANG_WARN_DIRECT_OBJC_ISA_USAGE = YES_ERROR;
				CLANG_WARN_DOCUMENTATION_COMMENTS = YES;
				CLANG_WARN_EMPTY_BODY = YES;
				CLANG_WARN_ENUM_CONVERSION = YES;
				CLANG_WARN_INFINITE_RECURSION = YES;
				CLANG_WARN_INT_CONVERSION = YES;
				CLANG_WARN_NON_LITERAL_NULL_CONVERSION = YES;
				CLANG_WARN_OBJC_IMPLICIT_RETAIN_SELF = YES;
				CLANG_WARN_OBJC_LITERAL_CONVERSION = YES;
				CLANG_WARN_OBJC_ROOT_CLASS = YES_ERROR;
				CLANG_WARN_QUOTED_INCLUDE_IN_FRAMEWORK_HEADER = YES;
				CLANG_WARN_RANGE_LOOP_ANALYSIS = YES;
				CLANG_WARN_STRICT_PROTOTYPES = YES;
				CLANG_WARN_SUSPICIOUS_MOVE = YES;
				CLANG_WARN_UNGUARDED_AVAILABILITY = YES_AGGRESSIVE;
				CLANG_WARN_UNREACHABLE_CODE = YES;
				CLANG_WARN__DUPLICATE_METHOD_MATCH = YES;
				COPY_PHASE_STRIP = NO;
				DEBUG_INFORMATION_FORMAT = "dwarf-with-dsym";
				ENABLE_NS_ASSERTIONS = NO;
				ENABLE_STRICT_OBJC_MSGSEND = YES;
				GCC_C_LANGUAGE_STANDARD = gnu11;
				GCC_NO_COMMON_BLOCKS = YES;
				GCC_WARN_64_TO_32_BIT_CONVERSION = YES;
				GCC_WARN_ABOUT_RETURN_TYPE = YES_ERROR;
				GCC_WARN_UNDECLARED_SELECTOR = YES;
				GCC_WARN_UNINITIALIZED_AUTOS = YES_AGGRESSIVE;
				GCC_WARN_UNUSED_FUNCTION = YES;
				GCC_WARN_UNUSED_VARIABLE = YES;
				IPHONEOS_DEPLOYMENT_TARGET = 13.0;
				MTL_ENABLE_DEBUG_INFO = NO;
				MTL_FAST_MATH = YES;
				SDKROOT = iphoneos;
				SWIFT_COMPILATION_MODE = wholemodule;
				SWIFT_OPTIMIZATION_LEVEL = "-O";
				VALIDATE_PRODUCT = YES;
			};
			name = Release;
		};
		B33E00582A0CABBD000A8FEA /* Debug */ = {
			isa = XCBuildConfiguration;
			buildSettings = {
				ASSETCATALOG_COMPILER_APPICON_NAME = AppIcon;
				ASSETCATALOG_COMPILER_GLOBAL_ACCENT_COLOR_NAME = AccentColor;
				CODE_SIGN_STYLE = Automatic;
				CURRENT_PROJECT_VERSION = 1;
				DEVELOPMENT_TEAM = B83AZP482U;
				GENERATE_INFOPLIST_FILE = YES;
				INFOPLIST_FILE = Disneyverse/Info.plist;
				INFOPLIST_KEY_UIApplicationSupportsIndirectInputEvents = YES;
				INFOPLIST_KEY_UILaunchStoryboardName = LaunchScreen;
				INFOPLIST_KEY_UISupportedInterfaceOrientations_iPad = "UIInterfaceOrientationPortrait UIInterfaceOrientationPortraitUpsideDown UIInterfaceOrientationLandscapeLeft UIInterfaceOrientationLandscapeRight";
				INFOPLIST_KEY_UISupportedInterfaceOrientations_iPhone = "UIInterfaceOrientationPortrait UIInterfaceOrientationLandscapeLeft UIInterfaceOrientationLandscapeRight";
				LD_RUNPATH_SEARCH_PATHS = (
					"$(inherited)",
					"@executable_path/Frameworks",
				);
				MARKETING_VERSION = 1.0;
				PRODUCT_BUNDLE_IDENTIFIER = faizan.personal.Disneyverse;
				PRODUCT_NAME = "$(TARGET_NAME)";
				SWIFT_EMIT_LOC_STRINGS = YES;
				SWIFT_VERSION = 5.0;
				TARGETED_DEVICE_FAMILY = "1,2";
			};
			name = Debug;
		};
		B33E00592A0CABBD000A8FEA /* Release */ = {
			isa = XCBuildConfiguration;
			buildSettings = {
				ASSETCATALOG_COMPILER_APPICON_NAME = AppIcon;
				ASSETCATALOG_COMPILER_GLOBAL_ACCENT_COLOR_NAME = AccentColor;
				CODE_SIGN_STYLE = Automatic;
				CURRENT_PROJECT_VERSION = 1;
				DEVELOPMENT_TEAM = B83AZP482U;
				GENERATE_INFOPLIST_FILE = YES;
				INFOPLIST_FILE = Disneyverse/Info.plist;
				INFOPLIST_KEY_UIApplicationSupportsIndirectInputEvents = YES;
				INFOPLIST_KEY_UILaunchStoryboardName = LaunchScreen;
				INFOPLIST_KEY_UISupportedInterfaceOrientations_iPad = "UIInterfaceOrientationPortrait UIInterfaceOrientationPortraitUpsideDown UIInterfaceOrientationLandscapeLeft UIInterfaceOrientationLandscapeRight";
				INFOPLIST_KEY_UISupportedInterfaceOrientations_iPhone = "UIInterfaceOrientationPortrait UIInterfaceOrientationLandscapeLeft UIInterfaceOrientationLandscapeRight";
				LD_RUNPATH_SEARCH_PATHS = (
					"$(inherited)",
					"@executable_path/Frameworks",
				);
				MARKETING_VERSION = 1.0;
				PRODUCT_BUNDLE_IDENTIFIER = faizan.personal.Disneyverse;
				PRODUCT_NAME = "$(TARGET_NAME)";
				SWIFT_EMIT_LOC_STRINGS = YES;
				SWIFT_VERSION = 5.0;
				TARGETED_DEVICE_FAMILY = "1,2";
			};
			name = Release;
		};
/* End XCBuildConfiguration section */

/* Begin XCConfigurationList section */
		B33E003E2A0CABBC000A8FEA /* Build configuration list for PBXProject "Disneyverse" */ = {
			isa = XCConfigurationList;
			buildConfigurations = (
				B33E00552A0CABBD000A8FEA /* Debug */,
				B33E00562A0CABBD000A8FEA /* Release */,
			);
			defaultConfigurationIsVisible = 0;
			defaultConfigurationName = Release;
		};
		B33E00572A0CABBD000A8FEA /* Build configuration list for PBXNativeTarget "Disneyverse" */ = {
			isa = XCConfigurationList;
			buildConfigurations = (
				B33E00582A0CABBD000A8FEA /* Debug */,
				B33E00592A0CABBD000A8FEA /* Release */,
			);
			defaultConfigurationIsVisible = 0;
			defaultConfigurationName = Release;
		};
/* End XCConfigurationList section */

/* Begin XCRemoteSwiftPackageReference section */
		B33E006B2A0CAD4B000A8FEA /* XCRemoteSwiftPackageReference "Alamofire" */ = {
			isa = XCRemoteSwiftPackageReference;
			repositoryURL = "https://github.com/Alamofire/Alamofire.git";
			requirement = {
				kind = exactVersion;
				version = 5.7.1;
			};
		};
		B33E006E2A0CAD64000A8FEA /* XCRemoteSwiftPackageReference "SDWebImage" */ = {
			isa = XCRemoteSwiftPackageReference;
			repositoryURL = "https://github.com/SDWebImage/SDWebImage.git";
			requirement = {
				kind = exactVersion;
				version = 5.9.5;
			};
		};
		B33E008A2A0CC148000A8FEA /* XCRemoteSwiftPackageReference "RxSwift" */ = {
			isa = XCRemoteSwiftPackageReference;
			repositoryURL = "https://github.com/ReactiveX/RxSwift";
			requirement = {
				kind = exactVersion;
				version = 6.5.0;
			};
		};
/* End XCRemoteSwiftPackageReference section */

/* Begin XCSwiftPackageProductDependency section */
		B33E006C2A0CAD4B000A8FEA /* Alamofire */ = {
			isa = XCSwiftPackageProductDependency;
			package = B33E006B2A0CAD4B000A8FEA /* XCRemoteSwiftPackageReference "Alamofire" */;
			productName = Alamofire;
		};
		B33E006F2A0CAD64000A8FEA /* SDWebImage */ = {
			isa = XCSwiftPackageProductDependency;
			package = B33E006E2A0CAD64000A8FEA /* XCRemoteSwiftPackageReference "SDWebImage" */;
			productName = SDWebImage;
		};
		B33E00712A0CAD64000A8FEA /* SDWebImageMapKit */ = {
			isa = XCSwiftPackageProductDependency;
			package = B33E006E2A0CAD64000A8FEA /* XCRemoteSwiftPackageReference "SDWebImage" */;
			productName = SDWebImageMapKit;
		};
		B33E008B2A0CC148000A8FEA /* RxCocoa */ = {
			isa = XCSwiftPackageProductDependency;
			package = B33E008A2A0CC148000A8FEA /* XCRemoteSwiftPackageReference "RxSwift" */;
			productName = RxCocoa;
		};
		B33E008D2A0CC148000A8FEA /* RxRelay */ = {
			isa = XCSwiftPackageProductDependency;
			package = B33E008A2A0CC148000A8FEA /* XCRemoteSwiftPackageReference "RxSwift" */;
			productName = RxRelay;
		};
		B33E008F2A0CC148000A8FEA /* RxSwift */ = {
			isa = XCSwiftPackageProductDependency;
			package = B33E008A2A0CC148000A8FEA /* XCRemoteSwiftPackageReference "RxSwift" */;
			productName = RxSwift;
		};
/* End XCSwiftPackageProductDependency section */
	};
	rootObject = B33E003B2A0CABBC000A8FEA /* Project object */;
}
